
Microsoft Visual Studio Solution File, Format Version 12.00
# Visual Studio Version 16
VisualStudioVersion = 16.0.31129.286
MinimumVisualStudioVersion = 10.0.40219.1
Project("{9A19103F-16F7-4668-BE54-9A1E7A4F7556}") = "PreguntaDos", "PreguntaDos.csproj", "{43C2780E-CDE3-4827-9620-55A39C21C2F5}"
EndProject
Project("{9A19103F-16F7-4668-BE54-9A1E7A4F7556}") = "TestUnitSegundaPregunta", "TestUnitSegundaPregunta\TestUnitSegundaPregunta.csproj", "{C10B23FA-48C4-473B-B46F-1830B3D4CEEA}"
EndProject
Global
	GlobalSection(SolutionConfigurationPlatforms) = preSolution
		Debug|Any CPU = Debug|Any CPU
		Release|Any CPU = Release|Any CPU
	EndGlobalSection
	GlobalSection(ProjectConfigurationPlatforms) = postSolution
		{43C2780E-CDE3-4827-9620-55A39C21C2F5}.Debug|Any CPU.ActiveCfg = Debug|Any CPU
		{43C2780E-CDE3-4827-9620-55A39C21C2F5}.Debug|Any CPU.Build.0 = Debug|Any CPU
		{43C2780E-CDE3-4827-9620-55A39C21C2F5}.Release|Any CPU.ActiveCfg = Release|Any CPU
		{43C2780E-CDE3-4827-9620-55A39C21C2F5}.Release|Any CPU.Build.0 = Release|Any CPU
		{C10B23FA-48C4-473B-B46F-1830B3D4CEEA}.Debug|Any CPU.ActiveCfg = Debug|Any CPU
		{C10B23FA-48C4-473B-B46F-1830B3D4CEEA}.Debug|Any CPU.Build.0 = Debug|Any CPU
		{C10B23FA-48C4-473B-B46F-1830B3D4CEEA}.Release|Any CPU.ActiveCfg = Release|Any CPU
		{C10B23FA-48C4-473B-B46F-1830B3D4CEEA}.Release|Any CPU.Build.0 = Release|Any CPU
	EndGlobalSection
	GlobalSection(SolutionProperties) = preSolution
		HideSolutionNode = FALSE
	EndGlobalSection
	GlobalSection(ExtensibilityGlobals) = postSolution
		SolutionGuid = {FA45FA9C-A8D2-4D93-AA1E-5F81E07B1464}
	EndGlobalSection
EndGlobal
